
Microsoft Visual Studio Solution File, Format Version 12.00
#
Project("{FAE04EC0-301F-11D3-BF4B-00C04F79EFBC}") = "Shared", "Shared\Shared.csproj", "{F53E46C1-1838-45DA-B9E6-94279A945B2A}"
EndProject
Project("{FAE04EC0-301F-11D3-BF4B-00C04F79EFBC}") = "Api", "Api\Api.csproj", "{CD71C822-4BB8-49FC-8AE4-4B4EA4B4A7FF}"
EndProject
Project("{FAE04EC0-301F-11D3-BF4B-00C04F79EFBC}") = "Consumer", "Consumer\Consumer.csproj", "{F83EC48C-88B5-4E15-B5A1-CA6329A9382B}"
EndProject
Global
	GlobalSection(SolutionConfigurationPlatforms) = preSolution
		Debug|Any CPU = Debug|Any CPU
		Release|Any CPU = Release|Any CPU
	EndGlobalSection
	GlobalSection(ProjectConfigurationPlatforms) = postSolution
		{F53E46C1-1838-45DA-B9E6-94279A945B2A}.Debug|Any CPU.ActiveCfg = Debug|Any CPU
		{F53E46C1-1838-45DA-B9E6-94279A945B2A}.Debug|Any CPU.Build.0 = Debug|Any CPU
		{F53E46C1-1838-45DA-B9E6-94279A945B2A}.Release|Any CPU.ActiveCfg = Release|Any CPU
		{F53E46C1-1838-45DA-B9E6-94279A945B2A}.Release|Any CPU.Build.0 = Release|Any CPU
		{CD71C822-4BB8-49FC-8AE4-4B4EA4B4A7FF}.Debug|Any CPU.ActiveCfg = Debug|Any CPU
		{CD71C822-4BB8-49FC-8AE4-4B4EA4B4A7FF}.Debug|Any CPU.Build.0 = Debug|Any CPU
		{CD71C822-4BB8-49FC-8AE4-4B4EA4B4A7FF}.Release|Any CPU.ActiveCfg = Release|Any CPU
		{CD71C822-4BB8-49FC-8AE4-4B4EA4B4A7FF}.Release|Any CPU.Build.0 = Release|Any CPU
		{F83EC48C-88B5-4E15-B5A1-CA6329A9382B}.Debug|Any CPU.ActiveCfg = Debug|Any CPU
		{F83EC48C-88B5-4E15-B5A1-CA6329A9382B}.Debug|Any CPU.Build.0 = Debug|Any CPU
		{F83EC48C-88B5-4E15-B5A1-CA6329A9382B}.Release|Any CPU.ActiveCfg = Release|Any CPU
		{F83EC48C-88B5-4E15-B5A1-CA6329A9382B}.Release|Any CPU.Build.0 = Release|Any CPU
	EndGlobalSection
EndGlobal
